
Microsoft Visual Studio Solution File, Format Version 12.00
# Visual Studio Version 17
VisualStudioVersion = 17.9.34714.143
MinimumVisualStudioVersion = 10.0.40219.1
Project("{FAE04EC0-301F-11D3-BF4B-00C04F79EFBC}") = "LibraryAPI", "LibraryAPI\LibraryAPI.csproj", "{E10332A6-DF2F-4DE7-9D4E-D6937069D8AD}"
EndProject
Global
	GlobalSection(SolutionConfigurationPlatforms) = preSolution
		Debug|Any CPU = Debug|Any CPU
		Release|Any CPU = Release|Any CPU
	EndGlobalSection
	GlobalSection(ProjectConfigurationPlatforms) = postSolution
		{E10332A6-DF2F-4DE7-9D4E-D6937069D8AD}.Debug|Any CPU.ActiveCfg = Debug|Any CPU
		{E10332A6-DF2F-4DE7-9D4E-D6937069D8AD}.Debug|Any CPU.Build.0 = Debug|Any CPU
		{E10332A6-DF2F-4DE7-9D4E-D6937069D8AD}.Release|Any CPU.ActiveCfg = Release|Any CPU
		{E10332A6-DF2F-4DE7-9D4E-D6937069D8AD}.Release|Any CPU.Build.0 = Release|Any CPU
	EndGlobalSection
	GlobalSection(SolutionProperties) = preSolution
		HideSolutionNode = FALSE
	EndGlobalSection
	GlobalSection(ExtensibilityGlobals) = postSolution
		SolutionGuid = {EAABD8B7-22DE-403A-8FBE-6D6BE47FEC0B}
	EndGlobalSection
EndGlobal
